{
  "originHash" : "09eb158cfead914e4464e259c161bee75e277446365a0a6d58baa1287ac61cfb",
  "pins" : [
    {
      "identity" : "sparkle",
      "kind" : "remoteSourceControl",
      "location" : "https://github.com/sparkle-project/Sparkle",
      "state" : {
        "revision" : "eef1a539a373c1f1a320624b1130fc5de7b2e100",
        "version" : "2.10.0"
      }
    }
  ],
  "version" : 3
}
